// !$*UTF8*$!
{
	archiveVersion = 1;
	classes = {
	};
	objectVersion = 56;
	objects = {

/* Begin PBXBuildFile section */
		D5BE72622AFEB6B10077A86A /* AppDelegate.swift in Sources */ = {isa = PBXBuildFile; fileRef = D5BE72612AFEB6B10077A86A /* AppDelegate.swift */; };
		D5BE72662AFEB6B10077A86A /* ViewController.swift in Sources */ = {isa = PBXBuildFile; fileRef = D5BE72652AFEB6B10077A86A /* ViewController.swift */; };
		D5BE726B2AFEB6BC0077A86A /* Assets.xcassets in Resources */ = {isa = PBXBuildFile; fileRef = D5BE726A2AFEB6BC0077A86A /* Assets.xcassets */; };
		D5BE726E2AFEB6BC0077A86A /* LaunchScreen.storyboard in Resources */ = {isa = PBXBuildFile; fileRef = D5BE726C2AFEB6BC0077A86A /* LaunchScreen.storyboard */; };
		D5BE72772AFEBE180077A86A /* Exercise.swift in Sources */ = {isa = PBXBuildFile; fileRef = D5BE72762AFEBE180077A86A /* Exercise.swift */; };
		D5BE72872AFEC1390077A86A /* APIClientTests.swift in Sources */ = {isa = PBXBuildFile; fileRef = D5BE72862AFEC1390077A86A /* APIClientTests.swift */; };
		D5BE728A2AFEC23D0077A86A /* MockURLProtocol.swift in Sources */ = {isa = PBXBuildFile; fileRef = D5BE72892AFEC23D0077A86A /* MockURLProtocol.swift */; };
		D5BE728D2AFED4BD0077A86A /* APIClient.swift in Sources */ = {isa = PBXBuildFile; fileRef = D5BE728C2AFED4BD0077A86A /* APIClient.swift */; };
		D5BE72902AFED60B0077A86A /* ExerciseManagerTests.swift in Sources */ = {isa = PBXBuildFile; fileRef = D5BE728F2AFED60A0077A86A /* ExerciseManagerTests.swift */; };
		D5BE72932AFEE1FB0077A86A /* MockAPIClient.swift in Sources */ = {isa = PBXBuildFile; fileRef = D5BE72922AFEE1FB0077A86A /* MockAPIClient.swift */; };
		D5BE72962AFEE2AC0077A86A /* ExerciseManager.swift in Sources */ = {isa = PBXBuildFile; fileRef = D5BE72952AFEE2AC0077A86A /* ExerciseManager.swift */; };
		D5BE72992AFF83EB0077A86A /* ExerciseListViewModelTest.swift in Sources */ = {isa = PBXBuildFile; fileRef = D5BE72982AFF83EB0077A86A /* ExerciseListViewModelTest.swift */; };
		D5BE729C2AFF8F430077A86A /* MockExerciseManager.swift in Sources */ = {isa = PBXBuildFile; fileRef = D5BE729B2AFF8F430077A86A /* MockExerciseManager.swift */; };
		D5BE729F2AFF8F830077A86A /* ExerciseListViewModel.swift in Sources */ = {isa = PBXBuildFile; fileRef = D5BE729E2AFF8F830077A86A /* ExerciseListViewModel.swift */; };
		D5BE72A12AFFB8830077A86A /* ExerciseItemViewModel.swift in Sources */ = {isa = PBXBuildFile; fileRef = D5BE72A02AFFB8830077A86A /* ExerciseItemViewModel.swift */; };
		D5BE72A42AFFB97E0077A86A /* ExerciseListViewControllerTests.swift in Sources */ = {isa = PBXBuildFile; fileRef = D5BE72A32AFFB97E0077A86A /* ExerciseListViewControllerTests.swift */; };
		D5BE72A82AFFC3E70077A86A /* ExerciseListViewController.swift in Sources */ = {isa = PBXBuildFile; fileRef = D5BE72A72AFFC3E70077A86A /* ExerciseListViewController.swift */; };
		D5BE72AB2AFFC4790077A86A /* MockExerciseListViewModel.swift in Sources */ = {isa = PBXBuildFile; fileRef = D5BE72AA2AFFC4790077A86A /* MockExerciseListViewModel.swift */; };
		D5BE72AE2AFFC5140077A86A /* ExerciseItemViewCell.swift in Sources */ = {isa = PBXBuildFile; fileRef = D5BE72AD2AFFC5140077A86A /* ExerciseItemViewCell.swift */; };
/* End PBXBuildFile section */

/* Begin PBXContainerItemProxy section */
		D5BE72802AFEC0A50077A86A /* PBXContainerItemProxy */ = {
			isa = PBXContainerItemProxy;
			containerPortal = D5BE72562AFEB6B10077A86A /* Project object */;
			proxyType = 1;
			remoteGlobalIDString = D5BE725D2AFEB6B10077A86A;
			remoteInfo = Workouts;
		};
/* End PBXContainerItemProxy section */

/* Begin PBXFileReference section */
		D5BE725E2AFEB6B10077A86A /* Workouts.app */ = {isa = PBXFileReference; explicitFileType = wrapper.application; includeInIndex = 0; path = Workouts.app; sourceTree = BUILT_PRODUCTS_DIR; };
		D5BE72612AFEB6B10077A86A /* AppDelegate.swift */ = {isa = PBXFileReference; lastKnownFileType = sourcecode.swift; path = AppDelegate.swift; sourceTree = "<group>"; };
		D5BE72652AFEB6B10077A86A /* ViewController.swift */ = {isa = PBXFileReference; lastKnownFileType = sourcecode.swift; path = ViewController.swift; sourceTree = "<group>"; };
		D5BE726A2AFEB6BC0077A86A /* Assets.xcassets */ = {isa = PBXFileReference; lastKnownFileType = folder.assetcatalog; path = Assets.xcassets; sourceTree = "<group>"; };
		D5BE726D2AFEB6BC0077A86A /* Base */ = {isa = PBXFileReference; lastKnownFileType = file.storyboard; name = Base; path = Base.lproj/LaunchScreen.storyboard; sourceTree = "<group>"; };
		D5BE726F2AFEB6BC0077A86A /* Info.plist */ = {isa = PBXFileReference; lastKnownFileType = text.plist.xml; path = Info.plist; sourceTree = "<group>"; };
		D5BE72762AFEBE180077A86A /* Exercise.swift */ = {isa = PBXFileReference; lastKnownFileType = sourcecode.swift; path = Exercise.swift; sourceTree = "<group>"; };
		D5BE727C2AFEC0A50077A86A /* WorkoutsTests.xctest */ = {isa = PBXFileReference; explicitFileType = wrapper.cfbundle; includeInIndex = 0; path = WorkoutsTests.xctest; sourceTree = BUILT_PRODUCTS_DIR; };
		D5BE72862AFEC1390077A86A /* APIClientTests.swift */ = {isa = PBXFileReference; lastKnownFileType = sourcecode.swift; path = APIClientTests.swift; sourceTree = "<group>"; };
		D5BE72892AFEC23D0077A86A /* MockURLProtocol.swift */ = {isa = PBXFileReference; lastKnownFileType = sourcecode.swift; path = MockURLProtocol.swift; sourceTree = "<group>"; };
		D5BE728C2AFED4BD0077A86A /* APIClient.swift */ = {isa = PBXFileReference; lastKnownFileType = sourcecode.swift; path = APIClient.swift; sourceTree = "<group>"; };
		D5BE728F2AFED60A0077A86A /* ExerciseManagerTests.swift */ = {isa = PBXFileReference; lastKnownFileType = sourcecode.swift; path = ExerciseManagerTests.swift; sourceTree = "<group>"; };
		D5BE72922AFEE1FB0077A86A /* MockAPIClient.swift */ = {isa = PBXFileReference; lastKnownFileType = sourcecode.swift; path = MockAPIClient.swift; sourceTree = "<group>"; };
		D5BE72952AFEE2AC0077A86A /* ExerciseManager.swift */ = {isa = PBXFileReference; lastKnownFileType = sourcecode.swift; path = ExerciseManager.swift; sourceTree = "<group>"; };
		D5BE72982AFF83EB0077A86A /* ExerciseListViewModelTest.swift */ = {isa = PBXFileReference; lastKnownFileType = sourcecode.swift; path = ExerciseListViewModelTest.swift; sourceTree = "<group>"; };
		D5BE729B2AFF8F430077A86A /* MockExerciseManager.swift */ = {isa = PBXFileReference; lastKnownFileType = sourcecode.swift; path = MockExerciseManager.swift; sourceTree = "<group>"; };
		D5BE729E2AFF8F830077A86A /* ExerciseListViewModel.swift */ = {isa = PBXFileReference; lastKnownFileType = sourcecode.swift; path = ExerciseListViewModel.swift; sourceTree = "<group>"; };
		D5BE72A02AFFB8830077A86A /* ExerciseItemViewModel.swift */ = {isa = PBXFileReference; lastKnownFileType = sourcecode.swift; path = ExerciseItemViewModel.swift; sourceTree = "<group>"; };
		D5BE72A32AFFB97E0077A86A /* ExerciseListViewControllerTests.swift */ = {isa = PBXFileReference; lastKnownFileType = sourcecode.swift; path = ExerciseListViewControllerTests.swift; sourceTree = "<group>"; };
		D5BE72A72AFFC3E70077A86A /* ExerciseListViewController.swift */ = {isa = PBXFileReference; lastKnownFileType = sourcecode.swift; path = ExerciseListViewController.swift; sourceTree = "<group>"; };
		D5BE72AA2AFFC4790077A86A /* MockExerciseListViewModel.swift */ = {isa = PBXFileReference; lastKnownFileType = sourcecode.swift; path = MockExerciseListViewModel.swift; sourceTree = "<group>"; };
		D5BE72AD2AFFC5140077A86A /* ExerciseItemViewCell.swift */ = {isa = PBXFileReference; lastKnownFileType = sourcecode.swift; path = ExerciseItemViewCell.swift; sourceTree = "<group>"; };
/* End PBXFileReference section */

/* Begin PBXFrameworksBuildPhase section */
		D5BE725B2AFEB6B10077A86A /* Frameworks */ = {
			isa = PBXFrameworksBuildPhase;
			buildActionMask = 2147483647;
			files = (
			);
			runOnlyForDeploymentPostprocessing = 0;
		};
		D5BE72792AFEC0A50077A86A /* Frameworks */ = {
			isa = PBXFrameworksBuildPhase;
			buildActionMask = 2147483647;
			files = (
			);
			runOnlyForDeploymentPostprocessing = 0;
		};
/* End PBXFrameworksBuildPhase section */

/* Begin PBXGroup section */
		D5BE72552AFEB6B10077A86A = {
			isa = PBXGroup;
			children = (
				D5BE72602AFEB6B10077A86A /* Workouts */,
				D5BE727D2AFEC0A50077A86A /* WorkoutsTests */,
				D5BE725F2AFEB6B10077A86A /* Products */,
			);
			sourceTree = "<group>";
		};
		D5BE725F2AFEB6B10077A86A /* Products */ = {
			isa = PBXGroup;
			children = (
				D5BE725E2AFEB6B10077A86A /* Workouts.app */,
				D5BE727C2AFEC0A50077A86A /* WorkoutsTests.xctest */,
			);
			name = Products;
			sourceTree = "<group>";
		};
		D5BE72602AFEB6B10077A86A /* Workouts */ = {
			isa = PBXGroup;
			children = (
				D5BE72A52AFFC3D00077A86A /* View */,
				D5BE729D2AFF8F670077A86A /* ViewModel */,
				D5BE728B2AFED4B10077A86A /* Network */,
				D5BE72942AFEE2980077A86A /* Service */,
				D5BE72752AFEBE010077A86A /* Models */,
				D5BE72612AFEB6B10077A86A /* AppDelegate.swift */,
				D5BE72652AFEB6B10077A86A /* ViewController.swift */,
				D5BE726A2AFEB6BC0077A86A /* Assets.xcassets */,
				D5BE726C2AFEB6BC0077A86A /* LaunchScreen.storyboard */,
				D5BE726F2AFEB6BC0077A86A /* Info.plist */,
			);
			path = Workouts;
			sourceTree = "<group>";
		};
		D5BE72752AFEBE010077A86A /* Models */ = {
			isa = PBXGroup;
			children = (
				D5BE72762AFEBE180077A86A /* Exercise.swift */,
			);
			path = Models;
			sourceTree = "<group>";
		};
		D5BE727D2AFEC0A50077A86A /* WorkoutsTests */ = {
			isa = PBXGroup;
			children = (
				D5BE72A22AFFB95F0077A86A /* ViewController */,
				D5BE72972AFF83D30077A86A /* ViewModel */,
				D5BE728E2AFED5B20077A86A /* Services */,
				D5BE72852AFEC0DB0077A86A /* Network */,
			);
			path = WorkoutsTests;
			sourceTree = "<group>";
		};
		D5BE72852AFEC0DB0077A86A /* Network */ = {
			isa = PBXGroup;
			children = (
				D5BE72912AFEE1EE0077A86A /* Mock */,
				D5BE72882AFEC2150077A86A /* Helper */,
				D5BE72862AFEC1390077A86A /* APIClientTests.swift */,
			);
			path = Network;
			sourceTree = "<group>";
		};
		D5BE72882AFEC2150077A86A /* Helper */ = {
			isa = PBXGroup;
			children = (
				D5BE72892AFEC23D0077A86A /* MockURLProtocol.swift */,
			);
			path = Helper;
			sourceTree = "<group>";
		};
		D5BE728B2AFED4B10077A86A /* Network */ = {
			isa = PBXGroup;
			children = (
				D5BE728C2AFED4BD0077A86A /* APIClient.swift */,
			);
			path = Network;
			sourceTree = "<group>";
		};
		D5BE728E2AFED5B20077A86A /* Services */ = {
			isa = PBXGroup;
			children = (
				D5BE729A2AFF8F350077A86A /* Mock */,
				D5BE728F2AFED60A0077A86A /* ExerciseManagerTests.swift */,
			);
			path = Services;
			sourceTree = "<group>";
		};
		D5BE72912AFEE1EE0077A86A /* Mock */ = {
			isa = PBXGroup;
			children = (
				D5BE72922AFEE1FB0077A86A /* MockAPIClient.swift */,
			);
			path = Mock;
			sourceTree = "<group>";
		};
		D5BE72942AFEE2980077A86A /* Service */ = {
			isa = PBXGroup;
			children = (
				D5BE72952AFEE2AC0077A86A /* ExerciseManager.swift */,
			);
			path = Service;
			sourceTree = "<group>";
		};
		D5BE72972AFF83D30077A86A /* ViewModel */ = {
			isa = PBXGroup;
			children = (
				D5BE72A92AFFC4540077A86A /* Mock */,
				D5BE72982AFF83EB0077A86A /* ExerciseListViewModelTest.swift */,
			);
			path = ViewModel;
			sourceTree = "<group>";
		};
		D5BE729A2AFF8F350077A86A /* Mock */ = {
			isa = PBXGroup;
			children = (
				D5BE729B2AFF8F430077A86A /* MockExerciseManager.swift */,
			);
			path = Mock;
			sourceTree = "<group>";
		};
		D5BE729D2AFF8F670077A86A /* ViewModel */ = {
			isa = PBXGroup;
			children = (
				D5BE729E2AFF8F830077A86A /* ExerciseListViewModel.swift */,
				D5BE72A02AFFB8830077A86A /* ExerciseItemViewModel.swift */,
			);
			path = ViewModel;
			sourceTree = "<group>";
		};
		D5BE72A22AFFB95F0077A86A /* ViewController */ = {
			isa = PBXGroup;
			children = (
				D5BE72A32AFFB97E0077A86A /* ExerciseListViewControllerTests.swift */,
			);
			path = ViewController;
			sourceTree = "<group>";
		};
		D5BE72A52AFFC3D00077A86A /* View */ = {
			isa = PBXGroup;
			children = (
				D5BE72AC2AFFC5030077A86A /* UI */,
				D5BE72A62AFFC3D90077A86A /* Controller */,
			);
			path = View;
			sourceTree = "<group>";
		};
		D5BE72A62AFFC3D90077A86A /* Controller */ = {
			isa = PBXGroup;
			children = (
				D5BE72A72AFFC3E70077A86A /* ExerciseListViewController.swift */,
			);
			path = Controller;
			sourceTree = "<group>";
		};
		D5BE72A92AFFC4540077A86A /* Mock */ = {
			isa = PBXGroup;
			children = (
				D5BE72AA2AFFC4790077A86A /* MockExerciseListViewModel.swift */,
			);
			path = Mock;
			sourceTree = "<group>";
		};
		D5BE72AC2AFFC5030077A86A /* UI */ = {
			isa = PBXGroup;
			children = (
				D5BE72AD2AFFC5140077A86A /* ExerciseItemViewCell.swift */,
			);
			path = UI;
			sourceTree = "<group>";
		};
/* End PBXGroup section */

/* Begin PBXNativeTarget section */
		D5BE725D2AFEB6B10077A86A /* Workouts */ = {
			isa = PBXNativeTarget;
			buildConfigurationList = D5BE72722AFEB6BC0077A86A /* Build configuration list for PBXNativeTarget "Workouts" */;
			buildPhases = (
				D5BE725A2AFEB6B10077A86A /* Sources */,
				D5BE725B2AFEB6B10077A86A /* Frameworks */,
				D5BE725C2AFEB6B10077A86A /* Resources */,
			);
			buildRules = (
			);
			dependencies = (
			);
			name = Workouts;
			productName = Workouts;
			productReference = D5BE725E2AFEB6B10077A86A /* Workouts.app */;
			productType = "com.apple.product-type.application";
		};
		D5BE727B2AFEC0A50077A86A /* WorkoutsTests */ = {
			isa = PBXNativeTarget;
			buildConfigurationList = D5BE72822AFEC0A50077A86A /* Build configuration list for PBXNativeTarget "WorkoutsTests" */;
			buildPhases = (
				D5BE72782AFEC0A50077A86A /* Sources */,
				D5BE72792AFEC0A50077A86A /* Frameworks */,
				D5BE727A2AFEC0A50077A86A /* Resources */,
			);
			buildRules = (
			);
			dependencies = (
				D5BE72812AFEC0A50077A86A /* PBXTargetDependency */,
			);
			name = WorkoutsTests;
			productName = WorkoutsTests;
			productReference = D5BE727C2AFEC0A50077A86A /* WorkoutsTests.xctest */;
			productType = "com.apple.product-type.bundle.unit-test";
		};
/* End PBXNativeTarget section */

/* Begin PBXProject section */
		D5BE72562AFEB6B10077A86A /* Project object */ = {
			isa = PBXProject;
			attributes = {
				BuildIndependentTargetsInParallel = 1;
				LastSwiftUpdateCheck = 1500;
				LastUpgradeCheck = 1500;
				TargetAttributes = {
					D5BE725D2AFEB6B10077A86A = {
						CreatedOnToolsVersion = 15.0.1;
					};
					D5BE727B2AFEC0A50077A86A = {
						CreatedOnToolsVersion = 15.0.1;
						LastSwiftMigration = 1500;
						TestTargetID = D5BE725D2AFEB6B10077A86A;
					};
				};
			};
			buildConfigurationList = D5BE72592AFEB6B10077A86A /* Build configuration list for PBXProject "Workouts" */;
			compatibilityVersion = "Xcode 14.0";
			developmentRegion = en;
			hasScannedForEncodings = 0;
			knownRegions = (
				en,
				Base,
			);
			mainGroup = D5BE72552AFEB6B10077A86A;
			productRefGroup = D5BE725F2AFEB6B10077A86A /* Products */;
			projectDirPath = "";
			projectRoot = "";
			targets = (
				D5BE725D2AFEB6B10077A86A /* Workouts */,
				D5BE727B2AFEC0A50077A86A /* WorkoutsTests */,
			);
		};
/* End PBXProject section */

/* Begin PBXResourcesBuildPhase section */
		D5BE725C2AFEB6B10077A86A /* Resources */ = {
			isa = PBXResourcesBuildPhase;
			buildActionMask = 2147483647;
			files = (
				D5BE726E2AFEB6BC0077A86A /* LaunchScreen.storyboard in Resources */,
				D5BE726B2AFEB6BC0077A86A /* Assets.xcassets in Resources */,
			);
			runOnlyForDeploymentPostprocessing = 0;
		};
		D5BE727A2AFEC0A50077A86A /* Resources */ = {
			isa = PBXResourcesBuildPhase;
			buildActionMask = 2147483647;
			files = (
			);
			runOnlyForDeploymentPostprocessing = 0;
		};
/* End PBXResourcesBuildPhase section */

/* Begin PBXSourcesBuildPhase section */
		D5BE725A2AFEB6B10077A86A /* Sources */ = {
			isa = PBXSourcesBuildPhase;
			buildActionMask = 2147483647;
			files = (
				D5BE729F2AFF8F830077A86A /* ExerciseListViewModel.swift in Sources */,
				D5BE72662AFEB6B10077A86A /* ViewController.swift in Sources */,
				D5BE72962AFEE2AC0077A86A /* ExerciseManager.swift in Sources */,
				D5BE72622AFEB6B10077A86A /* AppDelegate.swift in Sources */,
				D5BE72A82AFFC3E70077A86A /* ExerciseListViewController.swift in Sources */,
				D5BE72A12AFFB8830077A86A /* ExerciseItemViewModel.swift in Sources */,
				D5BE72AE2AFFC5140077A86A /* ExerciseItemViewCell.swift in Sources */,
				D5BE72772AFEBE180077A86A /* Exercise.swift in Sources */,
				D5BE728D2AFED4BD0077A86A /* APIClient.swift in Sources */,
			);
			runOnlyForDeploymentPostprocessing = 0;
		};
		D5BE72782AFEC0A50077A86A /* Sources */ = {
			isa = PBXSourcesBuildPhase;
			buildActionMask = 2147483647;
			files = (
				D5BE72992AFF83EB0077A86A /* ExerciseListViewModelTest.swift in Sources */,
				D5BE729C2AFF8F430077A86A /* MockExerciseManager.swift in Sources */,
				D5BE72902AFED60B0077A86A /* ExerciseManagerTests.swift in Sources */,
				D5BE72932AFEE1FB0077A86A /* MockAPIClient.swift in Sources */,
				D5BE72AB2AFFC4790077A86A /* MockExerciseListViewModel.swift in Sources */,
				D5BE72872AFEC1390077A86A /* APIClientTests.swift in Sources */,
				D5BE728A2AFEC23D0077A86A /* MockURLProtocol.swift in Sources */,
				D5BE72A42AFFB97E0077A86A /* ExerciseListViewControllerTests.swift in Sources */,
			);
			runOnlyForDeploymentPostprocessing = 0;
		};
/* End PBXSourcesBuildPhase section */

/* Begin PBXTargetDependency section */
		D5BE72812AFEC0A50077A86A /* PBXTargetDependency */ = {
			isa = PBXTargetDependency;
			target = D5BE725D2AFEB6B10077A86A /* Workouts */;
			targetProxy = D5BE72802AFEC0A50077A86A /* PBXContainerItemProxy */;
		};
/* End PBXTargetDependency section */

/* Begin PBXVariantGroup section */
		D5BE726C2AFEB6BC0077A86A /* LaunchScreen.storyboard */ = {
			isa = PBXVariantGroup;
			children = (
				D5BE726D2AFEB6BC0077A86A /* Base */,
			);
			name = LaunchScreen.storyboard;
			sourceTree = "<group>";
		};
/* End PBXVariantGroup section */

/* Begin XCBuildConfiguration section */
		D5BE72702AFEB6BC0077A86A /* Debug */ = {
			isa = XCBuildConfiguration;
			buildSettings = {
				ALWAYS_SEARCH_USER_PATHS = NO;
				ASSETCATALOG_COMPILER_GENERATE_SWIFT_ASSET_SYMBOL_EXTENSIONS = YES;
				CLANG_ANALYZER_NONNULL = YES;
				CLANG_ANALYZER_NUMBER_OBJECT_CONVERSION = YES_AGGRESSIVE;
				CLANG_CXX_LANGUAGE_STANDARD = "gnu++20";
				CLANG_ENABLE_MODULES = YES;
				CLANG_ENABLE_OBJC_ARC = YES;
				CLANG_ENABLE_OBJC_WEAK = YES;
				CLANG_WARN_BLOCK_CAPTURE_AUTORELEASING = YES;
				CLANG_WARN_BOOL_CONVERSION = YES;
				CLANG_WARN_COMMA = YES;
				CLANG_WARN_CONSTANT_CONVERSION = YES;
				CLANG_WARN_DEPRECATED_OBJC_IMPLEMENTATIONS = YES;
				CLANG_WARN_DIRECT_OBJC_ISA_USAGE = YES_ERROR;
				CLANG_WARN_DOCUMENTATION_COMMENTS = YES;
				CLANG_WARN_EMPTY_BODY = YES;
				CLANG_WARN_ENUM_CONVERSION = YES;
				CLANG_WARN_INFINITE_RECURSION = YES;
				CLANG_WARN_INT_CONVERSION = YES;
				CLANG_WARN_NON_LITERAL_NULL_CONVERSION = YES;
				CLANG_WARN_OBJC_IMPLICIT_RETAIN_SELF = YES;
				CLANG_WARN_OBJC_LITERAL_CONVERSION = YES;
				CLANG_WARN_OBJC_ROOT_CLASS = YES_ERROR;
				CLANG_WARN_QUOTED_INCLUDE_IN_FRAMEWORK_HEADER = YES;
				CLANG_WARN_RANGE_LOOP_ANALYSIS = YES;
				CLANG_WARN_STRICT_PROTOTYPES = YES;
				CLANG_WARN_SUSPICIOUS_MOVE = YES;
				CLANG_WARN_UNGUARDED_AVAILABILITY = YES_AGGRESSIVE;
				CLANG_WARN_UNREACHABLE_CODE = YES;
				CLANG_WARN__DUPLICATE_METHOD_MATCH = YES;
				COPY_PHASE_STRIP = NO;
				DEBUG_INFORMATION_FORMAT = dwarf;
				ENABLE_STRICT_OBJC_MSGSEND = YES;
				ENABLE_TESTABILITY = YES;
				ENABLE_USER_SCRIPT_SANDBOXING = YES;
				GCC_C_LANGUAGE_STANDARD = gnu17;
				GCC_DYNAMIC_NO_PIC = NO;
				GCC_NO_COMMON_BLOCKS = YES;
				GCC_OPTIMIZATION_LEVEL = 0;
				GCC_PREPROCESSOR_DEFINITIONS = (
					"DEBUG=1",
					"$(inherited)",
				);
				GCC_WARN_64_TO_32_BIT_CONVERSION = YES;
				GCC_WARN_ABOUT_RETURN_TYPE = YES_ERROR;
				GCC_WARN_UNDECLARED_SELECTOR = YES;
				GCC_WARN_UNINITIALIZED_AUTOS = YES_AGGRESSIVE;
				GCC_WARN_UNUSED_FUNCTION = YES;
				GCC_WARN_UNUSED_VARIABLE = YES;
				IPHONEOS_DEPLOYMENT_TARGET = 17.0;
				LOCALIZATION_PREFERS_STRING_CATALOGS = YES;
				MTL_ENABLE_DEBUG_INFO = INCLUDE_SOURCE;
				MTL_FAST_MATH = YES;
				ONLY_ACTIVE_ARCH = YES;
				SDKROOT = iphoneos;
				SWIFT_ACTIVE_COMPILATION_CONDITIONS = "DEBUG $(inherited)";
				SWIFT_OPTIMIZATION_LEVEL = "-Onone";
			};
			name = Debug;
		};
		D5BE72712AFEB6BC0077A86A /* Release */ = {
			isa = XCBuildConfiguration;
			buildSettings = {
				ALWAYS_SEARCH_USER_PATHS = NO;
				ASSETCATALOG_COMPILER_GENERATE_SWIFT_ASSET_SYMBOL_EXTENSIONS = YES;
				CLANG_ANALYZER_NONNULL = YES;
				CLANG_ANALYZER_NUMBER_OBJECT_CONVERSION = YES_AGGRESSIVE;
				CLANG_CXX_LANGUAGE_STANDARD = "gnu++20";
				CLANG_ENABLE_MODULES = YES;
				CLANG_ENABLE_OBJC_ARC = YES;
				CLANG_ENABLE_OBJC_WEAK = YES;
				CLANG_WARN_BLOCK_CAPTURE_AUTORELEASING = YES;
				CLANG_WARN_BOOL_CONVERSION = YES;
				CLANG_WARN_COMMA = YES;
				CLANG_WARN_CONSTANT_CONVERSION = YES;
				CLANG_WARN_DEPRECATED_OBJC_IMPLEMENTATIONS = YES;
				CLANG_WARN_DIRECT_OBJC_ISA_USAGE = YES_ERROR;
				CLANG_WARN_DOCUMENTATION_COMMENTS = YES;
				CLANG_WARN_EMPTY_BODY = YES;
				CLANG_WARN_ENUM_CONVERSION = YES;
				CLANG_WARN_INFINITE_RECURSION = YES;
				CLANG_WARN_INT_CONVERSION = YES;
				CLANG_WARN_NON_LITERAL_NULL_CONVERSION = YES;
				CLANG_WARN_OBJC_IMPLICIT_RETAIN_SELF = YES;
				CLANG_WARN_OBJC_LITERAL_CONVERSION = YES;
				CLANG_WARN_OBJC_ROOT_CLASS = YES_ERROR;
				CLANG_WARN_QUOTED_INCLUDE_IN_FRAMEWORK_HEADER = YES;
				CLANG_WARN_RANGE_LOOP_ANALYSIS = YES;
				CLANG_WARN_STRICT_PROTOTYPES = YES;
				CLANG_WARN_SUSPICIOUS_MOVE = YES;
				CLANG_WARN_UNGUARDED_AVAILABILITY = YES_AGGRESSIVE;
				CLANG_WARN_UNREACHABLE_CODE = YES;
				CLANG_WARN__DUPLICATE_METHOD_MATCH = YES;
				COPY_PHASE_STRIP = NO;
				DEBUG_INFORMATION_FORMAT = "dwarf-with-dsym";
				ENABLE_NS_ASSERTIONS = NO;
				ENABLE_STRICT_OBJC_MSGSEND = YES;
				ENABLE_USER_SCRIPT_SANDBOXING = YES;
				GCC_C_LANGUAGE_STANDARD = gnu17;
				GCC_NO_COMMON_BLOCKS = YES;
				GCC_WARN_64_TO_32_BIT_CONVERSION = YES;
				GCC_WARN_ABOUT_RETURN_TYPE = YES_ERROR;
				GCC_WARN_UNDECLARED_SELECTOR = YES;
				GCC_WARN_UNINITIALIZED_AUTOS = YES_AGGRESSIVE;
				GCC_WARN_UNUSED_FUNCTION = YES;
				GCC_WARN_UNUSED_VARIABLE = YES;
				IPHONEOS_DEPLOYMENT_TARGET = 17.0;
				LOCALIZATION_PREFERS_STRING_CATALOGS = YES;
				MTL_ENABLE_DEBUG_INFO = NO;
				MTL_FAST_MATH = YES;
				SDKROOT = iphoneos;
				SWIFT_COMPILATION_MODE = wholemodule;
				VALIDATE_PRODUCT = YES;
			};
			name = Release;
		};
		D5BE72732AFEB6BC0077A86A /* Debug */ = {
			isa = XCBuildConfiguration;
			buildSettings = {
				ASSETCATALOG_COMPILER_APPICON_NAME = AppIcon;
				ASSETCATALOG_COMPILER_GLOBAL_ACCENT_COLOR_NAME = AccentColor;
				CODE_SIGN_STYLE = Automatic;
				CURRENT_PROJECT_VERSION = 1;
				DEVELOPMENT_TEAM = 5355TA2ZTC;
				GENERATE_INFOPLIST_FILE = YES;
				INFOPLIST_FILE = Workouts/Info.plist;
				INFOPLIST_KEY_UIApplicationSupportsIndirectInputEvents = YES;
				INFOPLIST_KEY_UILaunchStoryboardName = LaunchScreen;
				INFOPLIST_KEY_UISupportedInterfaceOrientations = UIInterfaceOrientationPortrait;
				IPHONEOS_DEPLOYMENT_TARGET = 15.0;
				LD_RUNPATH_SEARCH_PATHS = (
					"$(inherited)",
					"@executable_path/Frameworks",
				);
				MARKETING_VERSION = 1.0;
				PRODUCT_BUNDLE_IDENTIFIER = com.mauriciofigueroa.Workouts;
				PRODUCT_NAME = "$(TARGET_NAME)";
				SWIFT_EMIT_LOC_STRINGS = YES;
				SWIFT_VERSION = 5.0;
				TARGETED_DEVICE_FAMILY = "1,2";
			};
			name = Debug;
		};
		D5BE72742AFEB6BC0077A86A /* Release */ = {
			isa = XCBuildConfiguration;
			buildSettings = {
				ASSETCATALOG_COMPILER_APPICON_NAME = AppIcon;
				ASSETCATALOG_COMPILER_GLOBAL_ACCENT_COLOR_NAME = AccentColor;
				CODE_SIGN_STYLE = Automatic;
				CURRENT_PROJECT_VERSION = 1;
				DEVELOPMENT_TEAM = 5355TA2ZTC;
				GENERATE_INFOPLIST_FILE = YES;
				INFOPLIST_FILE = Workouts/Info.plist;
				INFOPLIST_KEY_UIApplicationSupportsIndirectInputEvents = YES;
				INFOPLIST_KEY_UILaunchStoryboardName = LaunchScreen;
				INFOPLIST_KEY_UISupportedInterfaceOrientations = UIInterfaceOrientationPortrait;
				IPHONEOS_DEPLOYMENT_TARGET = 15.0;
				LD_RUNPATH_SEARCH_PATHS = (
					"$(inherited)",
					"@executable_path/Frameworks",
				);
				MARKETING_VERSION = 1.0;
				PRODUCT_BUNDLE_IDENTIFIER = com.mauriciofigueroa.Workouts;
				PRODUCT_NAME = "$(TARGET_NAME)";
				SWIFT_EMIT_LOC_STRINGS = YES;
				SWIFT_VERSION = 5.0;
				TARGETED_DEVICE_FAMILY = "1,2";
			};
			name = Release;
		};
		D5BE72832AFEC0A50077A86A /* Debug */ = {
			isa = XCBuildConfiguration;
			buildSettings = {
				BUNDLE_LOADER = "$(TEST_HOST)";
				CLANG_ENABLE_MODULES = YES;
				CODE_SIGN_STYLE = Automatic;
				CURRENT_PROJECT_VERSION = 1;
				DEVELOPMENT_TEAM = 5355TA2ZTC;
				GENERATE_INFOPLIST_FILE = YES;
				MARKETING_VERSION = 1.0;
				PRODUCT_BUNDLE_IDENTIFIER = com.mauriciofigueroa.WorkoutsTests;
				PRODUCT_NAME = "$(TARGET_NAME)";
				SWIFT_EMIT_LOC_STRINGS = NO;
				SWIFT_OPTIMIZATION_LEVEL = "-Onone";
				SWIFT_VERSION = 5.0;
				TARGETED_DEVICE_FAMILY = "1,2";
				TEST_HOST = "$(BUILT_PRODUCTS_DIR)/Workouts.app/$(BUNDLE_EXECUTABLE_FOLDER_PATH)/Workouts";
			};
			name = Debug;
		};
		D5BE72842AFEC0A50077A86A /* Release */ = {
			isa = XCBuildConfiguration;
			buildSettings = {
				BUNDLE_LOADER = "$(TEST_HOST)";
				CLANG_ENABLE_MODULES = YES;
				CODE_SIGN_STYLE = Automatic;
				CURRENT_PROJECT_VERSION = 1;
				DEVELOPMENT_TEAM = 5355TA2ZTC;
				GENERATE_INFOPLIST_FILE = YES;
				MARKETING_VERSION = 1.0;
				PRODUCT_BUNDLE_IDENTIFIER = com.mauriciofigueroa.WorkoutsTests;
				PRODUCT_NAME = "$(TARGET_NAME)";
				SWIFT_EMIT_LOC_STRINGS = NO;
				SWIFT_VERSION = 5.0;
				TARGETED_DEVICE_FAMILY = "1,2";
				TEST_HOST = "$(BUILT_PRODUCTS_DIR)/Workouts.app/$(BUNDLE_EXECUTABLE_FOLDER_PATH)/Workouts";
			};
			name = Release;
		};
/* End XCBuildConfiguration section */

/* Begin XCConfigurationList section */
		D5BE72592AFEB6B10077A86A /* Build configuration list for PBXProject "Workouts" */ = {
			isa = XCConfigurationList;
			buildConfigurations = (
				D5BE72702AFEB6BC0077A86A /* Debug */,
				D5BE72712AFEB6BC0077A86A /* Release */,
			);
			defaultConfigurationIsVisible = 0;
			defaultConfigurationName = Release;
		};
		D5BE72722AFEB6BC0077A86A /* Build configuration list for PBXNativeTarget "Workouts" */ = {
			isa = XCConfigurationList;
			buildConfigurations = (
				D5BE72732AFEB6BC0077A86A /* Debug */,
				D5BE72742AFEB6BC0077A86A /* Release */,
			);
			defaultConfigurationIsVisible = 0;
			defaultConfigurationName = Release;
		};
		D5BE72822AFEC0A50077A86A /* Build configuration list for PBXNativeTarget "WorkoutsTests" */ = {
			isa = XCConfigurationList;
			buildConfigurations = (
				D5BE72832AFEC0A50077A86A /* Debug */,
				D5BE72842AFEC0A50077A86A /* Release */,
			);
			defaultConfigurationIsVisible = 0;
			defaultConfigurationName = Release;
		};
/* End XCConfigurationList section */
	};
	rootObject = D5BE72562AFEB6B10077A86A /* Project object */;
}
